// !$*UTF8*$!
{
	archiveVersion = 1;
	classes = {
	};
	objectVersion = 56;
	objects = {

/* Begin PBXBuildFile section */
		76255D2D2D26F230006A4BB4 /* FP_UalaApp.swift in Sources */ = {isa = PBXBuildFile; fileRef = 76255D2C2D26F230006A4BB4 /* FP_UalaApp.swift */; };
		76255D2F2D26F230006A4BB4 /* ContentView.swift in Sources */ = {isa = PBXBuildFile; fileRef = 76255D2E2D26F230006A4BB4 /* ContentView.swift */; };
		76255D312D26F231006A4BB4 /* Assets.xcassets in Resources */ = {isa = PBXBuildFile; fileRef = 76255D302D26F231006A4BB4 /* Assets.xcassets */; };
		76255D342D26F231006A4BB4 /* Preview Assets.xcassets in Resources */ = {isa = PBXBuildFile; fileRef = 76255D332D26F231006A4BB4 /* Preview Assets.xcassets */; };
		76255D572D26FCE0006A4BB4 /* CityDataTests.swift in Sources */ = {isa = PBXBuildFile; fileRef = 76255D562D26FCE0006A4BB4 /* CityDataTests.swift */; };
		76255D5A2D27083A006A4BB4 /* CityDataAPI.swift in Sources */ = {isa = PBXBuildFile; fileRef = 76255D592D27083A006A4BB4 /* CityDataAPI.swift */; };
		76255D5D2D2708A1006A4BB4 /* City.swift in Sources */ = {isa = PBXBuildFile; fileRef = 76255D5C2D2708A1006A4BB4 /* City.swift */; };
		76255D602D270A52006A4BB4 /* URLSessionMock.swift in Sources */ = {isa = PBXBuildFile; fileRef = 76255D5F2D270A52006A4BB4 /* URLSessionMock.swift */; };
		76535C0D2D271C330044E0FE /* CitiesViewModel.swift in Sources */ = {isa = PBXBuildFile; fileRef = 76535C0C2D271C330044E0FE /* CitiesViewModel.swift */; };
/* End PBXBuildFile section */

/* Begin PBXContainerItemProxy section */
		76255D3A2D26F231006A4BB4 /* PBXContainerItemProxy */ = {
			isa = PBXContainerItemProxy;
			containerPortal = 76255D212D26F230006A4BB4 /* Project object */;
			proxyType = 1;
			remoteGlobalIDString = 76255D282D26F230006A4BB4;
			remoteInfo = FP_Uala;
		};
		76255D442D26F231006A4BB4 /* PBXContainerItemProxy */ = {
			isa = PBXContainerItemProxy;
			containerPortal = 76255D212D26F230006A4BB4 /* Project object */;
			proxyType = 1;
			remoteGlobalIDString = 76255D282D26F230006A4BB4;
			remoteInfo = FP_Uala;
		};
/* End PBXContainerItemProxy section */

/* Begin PBXFileReference section */
		76255D292D26F230006A4BB4 /* FP_Uala.app */ = {isa = PBXFileReference; explicitFileType = wrapper.application; includeInIndex = 0; path = FP_Uala.app; sourceTree = BUILT_PRODUCTS_DIR; };
		76255D2C2D26F230006A4BB4 /* FP_UalaApp.swift */ = {isa = PBXFileReference; lastKnownFileType = sourcecode.swift; path = FP_UalaApp.swift; sourceTree = "<group>"; };
		76255D2E2D26F230006A4BB4 /* ContentView.swift */ = {isa = PBXFileReference; lastKnownFileType = sourcecode.swift; path = ContentView.swift; sourceTree = "<group>"; };
		76255D302D26F231006A4BB4 /* Assets.xcassets */ = {isa = PBXFileReference; lastKnownFileType = folder.assetcatalog; path = Assets.xcassets; sourceTree = "<group>"; };
		76255D332D26F231006A4BB4 /* Preview Assets.xcassets */ = {isa = PBXFileReference; lastKnownFileType = folder.assetcatalog; path = "Preview Assets.xcassets"; sourceTree = "<group>"; };
		76255D392D26F231006A4BB4 /* FP_UalaTests.xctest */ = {isa = PBXFileReference; explicitFileType = wrapper.cfbundle; includeInIndex = 0; path = FP_UalaTests.xctest; sourceTree = BUILT_PRODUCTS_DIR; };
		76255D432D26F231006A4BB4 /* FP_UalaUITests.xctest */ = {isa = PBXFileReference; explicitFileType = wrapper.cfbundle; includeInIndex = 0; path = FP_UalaUITests.xctest; sourceTree = BUILT_PRODUCTS_DIR; };
		76255D562D26FCE0006A4BB4 /* CityDataTests.swift */ = {isa = PBXFileReference; lastKnownFileType = sourcecode.swift; path = CityDataTests.swift; sourceTree = "<group>"; };
		76255D592D27083A006A4BB4 /* CityDataAPI.swift */ = {isa = PBXFileReference; lastKnownFileType = sourcecode.swift; path = CityDataAPI.swift; sourceTree = "<group>"; };
		76255D5C2D2708A1006A4BB4 /* City.swift */ = {isa = PBXFileReference; lastKnownFileType = sourcecode.swift; path = City.swift; sourceTree = "<group>"; };
		76255D5F2D270A52006A4BB4 /* URLSessionMock.swift */ = {isa = PBXFileReference; lastKnownFileType = sourcecode.swift; path = URLSessionMock.swift; sourceTree = "<group>"; };
		76535C0C2D271C330044E0FE /* CitiesViewModel.swift */ = {isa = PBXFileReference; lastKnownFileType = sourcecode.swift; path = CitiesViewModel.swift; sourceTree = "<group>"; };
/* End PBXFileReference section */

/* Begin PBXFrameworksBuildPhase section */
		76255D262D26F230006A4BB4 /* Frameworks */ = {
			isa = PBXFrameworksBuildPhase;
			buildActionMask = 2147483647;
			files = (
			);
			runOnlyForDeploymentPostprocessing = 0;
		};
		76255D362D26F231006A4BB4 /* Frameworks */ = {
			isa = PBXFrameworksBuildPhase;
			buildActionMask = 2147483647;
			files = (
			);
			runOnlyForDeploymentPostprocessing = 0;
		};
		76255D402D26F231006A4BB4 /* Frameworks */ = {
			isa = PBXFrameworksBuildPhase;
			buildActionMask = 2147483647;
			files = (
			);
			runOnlyForDeploymentPostprocessing = 0;
		};
/* End PBXFrameworksBuildPhase section */

/* Begin PBXGroup section */
		76255D202D26F230006A4BB4 = {
			isa = PBXGroup;
			children = (
				76255D2B2D26F230006A4BB4 /* FP_Uala */,
				76255D3C2D26F231006A4BB4 /* FP_UalaTests */,
				76255D462D26F231006A4BB4 /* FP_UalaUITests */,
				76255D2A2D26F230006A4BB4 /* Products */,
			);
			sourceTree = "<group>";
		};
		76255D2A2D26F230006A4BB4 /* Products */ = {
			isa = PBXGroup;
			children = (
				76255D292D26F230006A4BB4 /* FP_Uala.app */,
				76255D392D26F231006A4BB4 /* FP_UalaTests.xctest */,
				76255D432D26F231006A4BB4 /* FP_UalaUITests.xctest */,
			);
			name = Products;
			sourceTree = "<group>";
		};
		76255D2B2D26F230006A4BB4 /* FP_Uala */ = {
			isa = PBXGroup;
			children = (
				76535C0B2D271C270044E0FE /* ViewModels */,
				76535C0A2D2713760044E0FE /* Main */,
				76535C092D2713610044E0FE /* Views */,
				76255D5B2D27088D006A4BB4 /* Models */,
				76255D582D27081D006A4BB4 /* Services */,
				76255D322D26F231006A4BB4 /* Preview Content */,
			);
			path = FP_Uala;
			sourceTree = "<group>";
		};
		76255D322D26F231006A4BB4 /* Preview Content */ = {
			isa = PBXGroup;
			children = (
				76255D332D26F231006A4BB4 /* Preview Assets.xcassets */,
			);
			path = "Preview Content";
			sourceTree = "<group>";
		};
		76255D3C2D26F231006A4BB4 /* FP_UalaTests */ = {
			isa = PBXGroup;
			children = (
				76255D5E2D270A45006A4BB4 /* Helpers */,
				76255D562D26FCE0006A4BB4 /* CityDataTests.swift */,
			);
			path = FP_UalaTests;
			sourceTree = "<group>";
		};
		76255D462D26F231006A4BB4 /* FP_UalaUITests */ = {
			isa = PBXGroup;
			children = (
			);
			path = FP_UalaUITests;
			sourceTree = "<group>";
		};
		76255D582D27081D006A4BB4 /* Services */ = {
			isa = PBXGroup;
			children = (
				76255D592D27083A006A4BB4 /* CityDataAPI.swift */,
			);
			path = Services;
			sourceTree = "<group>";
		};
		76255D5B2D27088D006A4BB4 /* Models */ = {
			isa = PBXGroup;
			children = (
				76255D5C2D2708A1006A4BB4 /* City.swift */,
			);
			path = Models;
			sourceTree = "<group>";
		};
		76255D5E2D270A45006A4BB4 /* Helpers */ = {
			isa = PBXGroup;
			children = (
				76255D5F2D270A52006A4BB4 /* URLSessionMock.swift */,
			);
			path = Helpers;
			sourceTree = "<group>";
		};
		76535C092D2713610044E0FE /* Views */ = {
			isa = PBXGroup;
			children = (
				76255D2E2D26F230006A4BB4 /* ContentView.swift */,
				76255D302D26F231006A4BB4 /* Assets.xcassets */,
			);
			path = Views;
			sourceTree = "<group>";
		};
		76535C0A2D2713760044E0FE /* Main */ = {
			isa = PBXGroup;
			children = (
				76255D2C2D26F230006A4BB4 /* FP_UalaApp.swift */,
			);
			path = Main;
			sourceTree = "<group>";
		};
		76535C0B2D271C270044E0FE /* ViewModels */ = {
			isa = PBXGroup;
			children = (
				76535C0C2D271C330044E0FE /* CitiesViewModel.swift */,
			);
			path = ViewModels;
			sourceTree = "<group>";
		};
/* End PBXGroup section */

/* Begin PBXNativeTarget section */
		76255D282D26F230006A4BB4 /* FP_Uala */ = {
			isa = PBXNativeTarget;
			buildConfigurationList = 76255D4D2D26F231006A4BB4 /* Build configuration list for PBXNativeTarget "FP_Uala" */;
			buildPhases = (
				76255D252D26F230006A4BB4 /* Sources */,
				76255D262D26F230006A4BB4 /* Frameworks */,
				76255D272D26F230006A4BB4 /* Resources */,
			);
			buildRules = (
			);
			dependencies = (
			);
			name = FP_Uala;
			productName = FP_Uala;
			productReference = 76255D292D26F230006A4BB4 /* FP_Uala.app */;
			productType = "com.apple.product-type.application";
		};
		76255D382D26F231006A4BB4 /* FP_UalaTests */ = {
			isa = PBXNativeTarget;
			buildConfigurationList = 76255D502D26F231006A4BB4 /* Build configuration list for PBXNativeTarget "FP_UalaTests" */;
			buildPhases = (
				76255D352D26F231006A4BB4 /* Sources */,
				76255D362D26F231006A4BB4 /* Frameworks */,
				76255D372D26F231006A4BB4 /* Resources */,
			);
			buildRules = (
			);
			dependencies = (
				76255D3B2D26F231006A4BB4 /* PBXTargetDependency */,
			);
			name = FP_UalaTests;
			productName = FP_UalaTests;
			productReference = 76255D392D26F231006A4BB4 /* FP_UalaTests.xctest */;
			productType = "com.apple.product-type.bundle.unit-test";
		};
		76255D422D26F231006A4BB4 /* FP_UalaUITests */ = {
			isa = PBXNativeTarget;
			buildConfigurationList = 76255D532D26F231006A4BB4 /* Build configuration list for PBXNativeTarget "FP_UalaUITests" */;
			buildPhases = (
				76255D3F2D26F231006A4BB4 /* Sources */,
				76255D402D26F231006A4BB4 /* Frameworks */,
				76255D412D26F231006A4BB4 /* Resources */,
			);
			buildRules = (
			);
			dependencies = (
				76255D452D26F231006A4BB4 /* PBXTargetDependency */,
			);
			name = FP_UalaUITests;
			productName = FP_UalaUITests;
			productReference = 76255D432D26F231006A4BB4 /* FP_UalaUITests.xctest */;
			productType = "com.apple.product-type.bundle.ui-testing";
		};
/* End PBXNativeTarget section */

/* Begin PBXProject section */
		76255D212D26F230006A4BB4 /* Project object */ = {
			isa = PBXProject;
			attributes = {
				BuildIndependentTargetsInParallel = 1;
				LastSwiftUpdateCheck = 1540;
				LastUpgradeCheck = 1540;
				TargetAttributes = {
					76255D282D26F230006A4BB4 = {
						CreatedOnToolsVersion = 15.4;
					};
					76255D382D26F231006A4BB4 = {
						CreatedOnToolsVersion = 15.4;
						LastSwiftMigration = 1540;
						TestTargetID = 76255D282D26F230006A4BB4;
					};
					76255D422D26F231006A4BB4 = {
						CreatedOnToolsVersion = 15.4;
						TestTargetID = 76255D282D26F230006A4BB4;
					};
				};
			};
			buildConfigurationList = 76255D242D26F230006A4BB4 /* Build configuration list for PBXProject "FP_Uala" */;
			compatibilityVersion = "Xcode 14.0";
			developmentRegion = en;
			hasScannedForEncodings = 0;
			knownRegions = (
				en,
				Base,
			);
			mainGroup = 76255D202D26F230006A4BB4;
			productRefGroup = 76255D2A2D26F230006A4BB4 /* Products */;
			projectDirPath = "";
			projectRoot = "";
			targets = (
				76255D282D26F230006A4BB4 /* FP_Uala */,
				76255D382D26F231006A4BB4 /* FP_UalaTests */,
				76255D422D26F231006A4BB4 /* FP_UalaUITests */,
			);
		};
/* End PBXProject section */

/* Begin PBXResourcesBuildPhase section */
		76255D272D26F230006A4BB4 /* Resources */ = {
			isa = PBXResourcesBuildPhase;
			buildActionMask = 2147483647;
			files = (
				76255D342D26F231006A4BB4 /* Preview Assets.xcassets in Resources */,
				76255D312D26F231006A4BB4 /* Assets.xcassets in Resources */,
			);
			runOnlyForDeploymentPostprocessing = 0;
		};
		76255D372D26F231006A4BB4 /* Resources */ = {
			isa = PBXResourcesBuildPhase;
			buildActionMask = 2147483647;
			files = (
			);
			runOnlyForDeploymentPostprocessing = 0;
		};
		76255D412D26F231006A4BB4 /* Resources */ = {
			isa = PBXResourcesBuildPhase;
			buildActionMask = 2147483647;
			files = (
			);
			runOnlyForDeploymentPostprocessing = 0;
		};
/* End PBXResourcesBuildPhase section */

/* Begin PBXSourcesBuildPhase section */
		76255D252D26F230006A4BB4 /* Sources */ = {
			isa = PBXSourcesBuildPhase;
			buildActionMask = 2147483647;
			files = (
				76255D5A2D27083A006A4BB4 /* CityDataAPI.swift in Sources */,
				76255D2F2D26F230006A4BB4 /* ContentView.swift in Sources */,
				76255D5D2D2708A1006A4BB4 /* City.swift in Sources */,
				76255D2D2D26F230006A4BB4 /* FP_UalaApp.swift in Sources */,
				76535C0D2D271C330044E0FE /* CitiesViewModel.swift in Sources */,
			);
			runOnlyForDeploymentPostprocessing = 0;
		};
		76255D352D26F231006A4BB4 /* Sources */ = {
			isa = PBXSourcesBuildPhase;
			buildActionMask = 2147483647;
			files = (
				76255D602D270A52006A4BB4 /* URLSessionMock.swift in Sources */,
				76255D572D26FCE0006A4BB4 /* CityDataTests.swift in Sources */,
			);
			runOnlyForDeploymentPostprocessing = 0;
		};
		76255D3F2D26F231006A4BB4 /* Sources */ = {
			isa = PBXSourcesBuildPhase;
			buildActionMask = 2147483647;
			files = (
			);
			runOnlyForDeploymentPostprocessing = 0;
		};
/* End PBXSourcesBuildPhase section */

/* Begin PBXTargetDependency section */
		76255D3B2D26F231006A4BB4 /* PBXTargetDependency */ = {
			isa = PBXTargetDependency;
			target = 76255D282D26F230006A4BB4 /* FP_Uala */;
			targetProxy = 76255D3A2D26F231006A4BB4 /* PBXContainerItemProxy */;
		};
		76255D452D26F231006A4BB4 /* PBXTargetDependency */ = {
			isa = PBXTargetDependency;
			target = 76255D282D26F230006A4BB4 /* FP_Uala */;
			targetProxy = 76255D442D26F231006A4BB4 /* PBXContainerItemProxy */;
		};
/* End PBXTargetDependency section */

/* Begin XCBuildConfiguration section */
		76255D4B2D26F231006A4BB4 /* Debug */ = {
			isa = XCBuildConfiguration;
			buildSettings = {
				ALWAYS_SEARCH_USER_PATHS = NO;
				ASSETCATALOG_COMPILER_GENERATE_SWIFT_ASSET_SYMBOL_EXTENSIONS = YES;
				CLANG_ANALYZER_NONNULL = YES;
				CLANG_ANALYZER_NUMBER_OBJECT_CONVERSION = YES_AGGRESSIVE;
				CLANG_CXX_LANGUAGE_STANDARD = "gnu++20";
				CLANG_ENABLE_MODULES = YES;
				CLANG_ENABLE_OBJC_ARC = YES;
				CLANG_ENABLE_OBJC_WEAK = YES;
				CLANG_WARN_BLOCK_CAPTURE_AUTORELEASING = YES;
				CLANG_WARN_BOOL_CONVERSION = YES;
				CLANG_WARN_COMMA = YES;
				CLANG_WARN_CONSTANT_CONVERSION = YES;
				CLANG_WARN_DEPRECATED_OBJC_IMPLEMENTATIONS = YES;
				CLANG_WARN_DIRECT_OBJC_ISA_USAGE = YES_ERROR;
				CLANG_WARN_DOCUMENTATION_COMMENTS = YES;
				CLANG_WARN_EMPTY_BODY = YES;
				CLANG_WARN_ENUM_CONVERSION = YES;
				CLANG_WARN_INFINITE_RECURSION = YES;
				CLANG_WARN_INT_CONVERSION = YES;
				CLANG_WARN_NON_LITERAL_NULL_CONVERSION = YES;
				CLANG_WARN_OBJC_IMPLICIT_RETAIN_SELF = YES;
				CLANG_WARN_OBJC_LITERAL_CONVERSION = YES;
				CLANG_WARN_OBJC_ROOT_CLASS = YES_ERROR;
				CLANG_WARN_QUOTED_INCLUDE_IN_FRAMEWORK_HEADER = YES;
				CLANG_WARN_RANGE_LOOP_ANALYSIS = YES;
				CLANG_WARN_STRICT_PROTOTYPES = YES;
				CLANG_WARN_SUSPICIOUS_MOVE = YES;
				CLANG_WARN_UNGUARDED_AVAILABILITY = YES_AGGRESSIVE;
				CLANG_WARN_UNREACHABLE_CODE = YES;
				CLANG_WARN__DUPLICATE_METHOD_MATCH = YES;
				COPY_PHASE_STRIP = NO;
				DEBUG_INFORMATION_FORMAT = dwarf;
				ENABLE_STRICT_OBJC_MSGSEND = YES;
				ENABLE_TESTABILITY = YES;
				ENABLE_USER_SCRIPT_SANDBOXING = YES;
				GCC_C_LANGUAGE_STANDARD = gnu17;
				GCC_DYNAMIC_NO_PIC = NO;
				GCC_NO_COMMON_BLOCKS = YES;
				GCC_OPTIMIZATION_LEVEL = 0;
				GCC_PREPROCESSOR_DEFINITIONS = (
					"DEBUG=1",
					"$(inherited)",
				);
				GCC_WARN_64_TO_32_BIT_CONVERSION = YES;
				GCC_WARN_ABOUT_RETURN_TYPE = YES_ERROR;
				GCC_WARN_UNDECLARED_SELECTOR = YES;
				GCC_WARN_UNINITIALIZED_AUTOS = YES_AGGRESSIVE;
				GCC_WARN_UNUSED_FUNCTION = YES;
				GCC_WARN_UNUSED_VARIABLE = YES;
				IPHONEOS_DEPLOYMENT_TARGET = 17.5;
				LOCALIZATION_PREFERS_STRING_CATALOGS = YES;
				MTL_ENABLE_DEBUG_INFO = INCLUDE_SOURCE;
				MTL_FAST_MATH = YES;
				ONLY_ACTIVE_ARCH = YES;
				SDKROOT = iphoneos;
				SWIFT_ACTIVE_COMPILATION_CONDITIONS = "DEBUG $(inherited)";
				SWIFT_OPTIMIZATION_LEVEL = "-Onone";
			};
			name = Debug;
		};
		76255D4C2D26F231006A4BB4 /* Release */ = {
			isa = XCBuildConfiguration;
			buildSettings = {
				ALWAYS_SEARCH_USER_PATHS = NO;
				ASSETCATALOG_COMPILER_GENERATE_SWIFT_ASSET_SYMBOL_EXTENSIONS = YES;
				CLANG_ANALYZER_NONNULL = YES;
				CLANG_ANALYZER_NUMBER_OBJECT_CONVERSION = YES_AGGRESSIVE;
				CLANG_CXX_LANGUAGE_STANDARD = "gnu++20";
				CLANG_ENABLE_MODULES = YES;
				CLANG_ENABLE_OBJC_ARC = YES;
				CLANG_ENABLE_OBJC_WEAK = YES;
				CLANG_WARN_BLOCK_CAPTURE_AUTORELEASING = YES;
				CLANG_WARN_BOOL_CONVERSION = YES;
				CLANG_WARN_COMMA = YES;
				CLANG_WARN_CONSTANT_CONVERSION = YES;
				CLANG_WARN_DEPRECATED_OBJC_IMPLEMENTATIONS = YES;
				CLANG_WARN_DIRECT_OBJC_ISA_USAGE = YES_ERROR;
				CLANG_WARN_DOCUMENTATION_COMMENTS = YES;
				CLANG_WARN_EMPTY_BODY = YES;
				CLANG_WARN_ENUM_CONVERSION = YES;
				CLANG_WARN_INFINITE_RECURSION = YES;
				CLANG_WARN_INT_CONVERSION = YES;
				CLANG_WARN_NON_LITERAL_NULL_CONVERSION = YES;
				CLANG_WARN_OBJC_IMPLICIT_RETAIN_SELF = YES;
				CLANG_WARN_OBJC_LITERAL_CONVERSION = YES;
				CLANG_WARN_OBJC_ROOT_CLASS = YES_ERROR;
				CLANG_WARN_QUOTED_INCLUDE_IN_FRAMEWORK_HEADER = YES;
				CLANG_WARN_RANGE_LOOP_ANALYSIS = YES;
				CLANG_WARN_STRICT_PROTOTYPES = YES;
				CLANG_WARN_SUSPICIOUS_MOVE = YES;
				CLANG_WARN_UNGUARDED_AVAILABILITY = YES_AGGRESSIVE;
				CLANG_WARN_UNREACHABLE_CODE = YES;
				CLANG_WARN__DUPLICATE_METHOD_MATCH = YES;
				COPY_PHASE_STRIP = NO;
				DEBUG_INFORMATION_FORMAT = "dwarf-with-dsym";
				ENABLE_NS_ASSERTIONS = NO;
				ENABLE_STRICT_OBJC_MSGSEND = YES;
				ENABLE_USER_SCRIPT_SANDBOXING = YES;
				GCC_C_LANGUAGE_STANDARD = gnu17;
				GCC_NO_COMMON_BLOCKS = YES;
				GCC_WARN_64_TO_32_BIT_CONVERSION = YES;
				GCC_WARN_ABOUT_RETURN_TYPE = YES_ERROR;
				GCC_WARN_UNDECLARED_SELECTOR = YES;
				GCC_WARN_UNINITIALIZED_AUTOS = YES_AGGRESSIVE;
				GCC_WARN_UNUSED_FUNCTION = YES;
				GCC_WARN_UNUSED_VARIABLE = YES;
				IPHONEOS_DEPLOYMENT_TARGET = 17.5;
				LOCALIZATION_PREFERS_STRING_CATALOGS = YES;
				MTL_ENABLE_DEBUG_INFO = NO;
				MTL_FAST_MATH = YES;
				SDKROOT = iphoneos;
				SWIFT_COMPILATION_MODE = wholemodule;
				VALIDATE_PRODUCT = YES;
			};
			name = Release;
		};
		76255D4E2D26F231006A4BB4 /* Debug */ = {
			isa = XCBuildConfiguration;
			buildSettings = {
				ASSETCATALOG_COMPILER_APPICON_NAME = AppIcon;
				ASSETCATALOG_COMPILER_GLOBAL_ACCENT_COLOR_NAME = AccentColor;
				CODE_SIGN_STYLE = Automatic;
				CURRENT_PROJECT_VERSION = 1;
				DEVELOPMENT_ASSET_PATHS = "\"FP_Uala/Preview Content\"";
				DEVELOPMENT_TEAM = F342975UV4;
				ENABLE_PREVIEWS = YES;
				GENERATE_INFOPLIST_FILE = YES;
				INFOPLIST_KEY_UIApplicationSceneManifest_Generation = YES;
				INFOPLIST_KEY_UIApplicationSupportsIndirectInputEvents = YES;
				INFOPLIST_KEY_UILaunchScreen_Generation = YES;
				INFOPLIST_KEY_UISupportedInterfaceOrientations_iPad = "UIInterfaceOrientationPortrait UIInterfaceOrientationPortraitUpsideDown UIInterfaceOrientationLandscapeLeft UIInterfaceOrientationLandscapeRight";
				INFOPLIST_KEY_UISupportedInterfaceOrientations_iPhone = "UIInterfaceOrientationPortrait UIInterfaceOrientationLandscapeLeft UIInterfaceOrientationLandscapeRight";
				LD_RUNPATH_SEARCH_PATHS = (
					"$(inherited)",
					"@executable_path/Frameworks",
				);
				MARKETING_VERSION = 1.0;
				PRODUCT_BUNDLE_IDENTIFIER = "com.ferhedio.FP-Uala";
				PRODUCT_NAME = "$(TARGET_NAME)";
				SWIFT_EMIT_LOC_STRINGS = YES;
				SWIFT_VERSION = 5.0;
				TARGETED_DEVICE_FAMILY = "1,2";
			};
			name = Debug;
		};
		76255D4F2D26F231006A4BB4 /* Release */ = {
			isa = XCBuildConfiguration;
			buildSettings = {
				ASSETCATALOG_COMPILER_APPICON_NAME = AppIcon;
				ASSETCATALOG_COMPILER_GLOBAL_ACCENT_COLOR_NAME = AccentColor;
				CODE_SIGN_STYLE = Automatic;
				CURRENT_PROJECT_VERSION = 1;
				DEVELOPMENT_ASSET_PATHS = "\"FP_Uala/Preview Content\"";
				DEVELOPMENT_TEAM = F342975UV4;
				ENABLE_PREVIEWS = YES;
				GENERATE_INFOPLIST_FILE = YES;
				INFOPLIST_KEY_UIApplicationSceneManifest_Generation = YES;
				INFOPLIST_KEY_UIApplicationSupportsIndirectInputEvents = YES;
				INFOPLIST_KEY_UILaunchScreen_Generation = YES;
				INFOPLIST_KEY_UISupportedInterfaceOrientations_iPad = "UIInterfaceOrientationPortrait UIInterfaceOrientationPortraitUpsideDown UIInterfaceOrientationLandscapeLeft UIInterfaceOrientationLandscapeRight";
				INFOPLIST_KEY_UISupportedInterfaceOrientations_iPhone = "UIInterfaceOrientationPortrait UIInterfaceOrientationLandscapeLeft UIInterfaceOrientationLandscapeRight";
				LD_RUNPATH_SEARCH_PATHS = (
					"$(inherited)",
					"@executable_path/Frameworks",
				);
				MARKETING_VERSION = 1.0;
				PRODUCT_BUNDLE_IDENTIFIER = "com.ferhedio.FP-Uala";
				PRODUCT_NAME = "$(TARGET_NAME)";
				SWIFT_EMIT_LOC_STRINGS = YES;
				SWIFT_VERSION = 5.0;
				TARGETED_DEVICE_FAMILY = "1,2";
			};
			name = Release;
		};
		76255D512D26F231006A4BB4 /* Debug */ = {
			isa = XCBuildConfiguration;
			buildSettings = {
				ALWAYS_EMBED_SWIFT_STANDARD_LIBRARIES = YES;
				BUNDLE_LOADER = "$(TEST_HOST)";
				CLANG_ENABLE_MODULES = YES;
				CODE_SIGN_STYLE = Automatic;
				CURRENT_PROJECT_VERSION = 1;
				DEVELOPMENT_TEAM = F342975UV4;
				GENERATE_INFOPLIST_FILE = YES;
				IPHONEOS_DEPLOYMENT_TARGET = 17.5;
				MARKETING_VERSION = 1.0;
				PRODUCT_BUNDLE_IDENTIFIER = "com.ferhedio.FP-UalaTests";
				PRODUCT_NAME = "$(TARGET_NAME)";
				SWIFT_EMIT_LOC_STRINGS = NO;
				SWIFT_OPTIMIZATION_LEVEL = "-Onone";
				SWIFT_VERSION = 5.0;
				TARGETED_DEVICE_FAMILY = "1,2";
				TEST_HOST = "$(BUILT_PRODUCTS_DIR)/FP_Uala.app/$(BUNDLE_EXECUTABLE_FOLDER_PATH)/FP_Uala";
			};
			name = Debug;
		};
		76255D522D26F231006A4BB4 /* Release */ = {
			isa = XCBuildConfiguration;
			buildSettings = {
				ALWAYS_EMBED_SWIFT_STANDARD_LIBRARIES = YES;
				BUNDLE_LOADER = "$(TEST_HOST)";
				CLANG_ENABLE_MODULES = YES;
				CODE_SIGN_STYLE = Automatic;
				CURRENT_PROJECT_VERSION = 1;
				DEVELOPMENT_TEAM = F342975UV4;
				GENERATE_INFOPLIST_FILE = YES;
				IPHONEOS_DEPLOYMENT_TARGET = 17.5;
				MARKETING_VERSION = 1.0;
				PRODUCT_BUNDLE_IDENTIFIER = "com.ferhedio.FP-UalaTests";
				PRODUCT_NAME = "$(TARGET_NAME)";
				SWIFT_EMIT_LOC_STRINGS = NO;
				SWIFT_VERSION = 5.0;
				TARGETED_DEVICE_FAMILY = "1,2";
				TEST_HOST = "$(BUILT_PRODUCTS_DIR)/FP_Uala.app/$(BUNDLE_EXECUTABLE_FOLDER_PATH)/FP_Uala";
			};
			name = Release;
		};
		76255D542D26F231006A4BB4 /* Debug */ = {
			isa = XCBuildConfiguration;
			buildSettings = {
				ALWAYS_EMBED_SWIFT_STANDARD_LIBRARIES = YES;
				CODE_SIGN_STYLE = Automatic;
				CURRENT_PROJECT_VERSION = 1;
				DEVELOPMENT_TEAM = F342975UV4;
				GENERATE_INFOPLIST_FILE = YES;
				MARKETING_VERSION = 1.0;
				PRODUCT_BUNDLE_IDENTIFIER = "com.ferhedio.FP-UalaUITests";
				PRODUCT_NAME = "$(TARGET_NAME)";
				SWIFT_EMIT_LOC_STRINGS = NO;
				SWIFT_VERSION = 5.0;
				TARGETED_DEVICE_FAMILY = "1,2";
				TEST_TARGET_NAME = FP_Uala;
			};
			name = Debug;
		};
		76255D552D26F231006A4BB4 /* Release */ = {
			isa = XCBuildConfiguration;
			buildSettings = {
				ALWAYS_EMBED_SWIFT_STANDARD_LIBRARIES = YES;
				CODE_SIGN_STYLE = Automatic;
				CURRENT_PROJECT_VERSION = 1;
				DEVELOPMENT_TEAM = F342975UV4;
				GENERATE_INFOPLIST_FILE = YES;
				MARKETING_VERSION = 1.0;
				PRODUCT_BUNDLE_IDENTIFIER = "com.ferhedio.FP-UalaUITests";
				PRODUCT_NAME = "$(TARGET_NAME)";
				SWIFT_EMIT_LOC_STRINGS = NO;
				SWIFT_VERSION = 5.0;
				TARGETED_DEVICE_FAMILY = "1,2";
				TEST_TARGET_NAME = FP_Uala;
			};
			name = Release;
		};
/* End XCBuildConfiguration section */

/* Begin XCConfigurationList section */
		76255D242D26F230006A4BB4 /* Build configuration list for PBXProject "FP_Uala" */ = {
			isa = XCConfigurationList;
			buildConfigurations = (
				76255D4B2D26F231006A4BB4 /* Debug */,
				76255D4C2D26F231006A4BB4 /* Release */,
			);
			defaultConfigurationIsVisible = 0;
			defaultConfigurationName = Release;
		};
		76255D4D2D26F231006A4BB4 /* Build configuration list for PBXNativeTarget "FP_Uala" */ = {
			isa = XCConfigurationList;
			buildConfigurations = (
				76255D4E2D26F231006A4BB4 /* Debug */,
				76255D4F2D26F231006A4BB4 /* Release */,
			);
			defaultConfigurationIsVisible = 0;
			defaultConfigurationName = Release;
		};
		76255D502D26F231006A4BB4 /* Build configuration list for PBXNativeTarget "FP_UalaTests" */ = {
			isa = XCConfigurationList;
			buildConfigurations = (
				76255D512D26F231006A4BB4 /* Debug */,
				76255D522D26F231006A4BB4 /* Release */,
			);
			defaultConfigurationIsVisible = 0;
			defaultConfigurationName = Release;
		};
		76255D532D26F231006A4BB4 /* Build configuration list for PBXNativeTarget "FP_UalaUITests" */ = {
			isa = XCConfigurationList;
			buildConfigurations = (
				76255D542D26F231006A4BB4 /* Debug */,
				76255D552D26F231006A4BB4 /* Release */,
			);
			defaultConfigurationIsVisible = 0;
			defaultConfigurationName = Release;
		};
/* End XCConfigurationList section */
	};
	rootObject = 76255D212D26F230006A4BB4 /* Project object */;
}
